<?xml version="1.0" encoding="utf-8"?>
<Project ToolsVersion="4.0" xmlns="http://schemas.microsoft.com/developer/msbuild/2003">
  <ItemGroup>
    <Filter Include="Libs">
      <UniqueIdentifier>{73d47a52-ce2f-4264-9bb9-f0b3c16f889d}</UniqueIdentifier>
    </Filter>
    <Filter Include="IPlug">
      <UniqueIdentifier>{f61218de-bb49-4fd2-b3b8-d4d3a4f905de}</UniqueIdentifier>
    </Filter>
    <Filter Include="IPlug\RTAS">
      <UniqueIdentifier>{f55aca3b-4b35-490a-99d6-51d6724f0396}</UniqueIdentifier>
    </Filter>
    <Filter Include="IPlug\RTAS\include">
      <UniqueIdentifier>{13073ee3-c4e8-497c-b935-b091b14197c2}</UniqueIdentifier>
    </Filter>
  </ItemGroup>
  <ItemGroup>
    <Library Include="..\..\SDKs\PT9_SDK\WinBag\Release\lib\DAE.lib" />
    <Library Include="..\..\SDKs\PT9_SDK\WinBag\Release\lib\DigiExt.lib" />
    <Library Include="..\..\SDKs\PT9_SDK\WinBag\Release\lib\DSI.lib" />
    <Library Include="..\..\SDKs\PT9_SDK\WinBag\Release\lib\DSPManager.lib" />
    <Library Include="..\..\SDKs\PT9_SDK\WinBag\Release\lib\DSPManagerClientLib.lib" />
    <Library Include="..\..\SDKs\PT9_SDK\WinBag\Release\lib\PlugInLib.lib" />
    <Library Include="..\..\SDKs\PT9_SDK\WinBag\Release\lib\RTASClientLib.lib" />
  </ItemGroup>
  <ItemGroup>
    <ClInclude Include="OhmBass.h" />
    <ClInclude Include="resource.h" />
    <ClInclude Include="..\..\SDKs\WDL\IPlug\Containers.h" />
    <ClInclude Include="..\..\SDKs\WDL\IPlug\Hosts.h" />
    <ClInclude Include="..\..\SDKs\WDL\IPlug\IBitmapMonoText.h" />
    <ClInclude Include="..\..\SDKs\WDL\IPlug\IControl.h" />
    <ClInclude Include="..\..\SDKs\WDL\IPlug\IGraphics.h" />
    <ClInclude Include="..\..\SDKs\WDL\IPlug\IGraphicsWin.h" />
    <ClInclude Include="..\..\SDKs\WDL\IPlug\IKeyboardControl.h" />
    <ClInclude Include="..\..\SDKs\WDL\IPlug\IMidiQueue.h" />
    <ClInclude Include="..\..\SDKs\WDL\IPlug\IParam.h" />
    <ClInclude Include="..\..\SDKs\WDL\IPlug\IPlug_include_in_plug_hdr.h" />
    <ClInclude Include="..\..\SDKs\WDL\IPlug\IPlug_include_in_plug_src.h" />
    <ClInclude Include="..\..\SDKs\WDL\IPlug\IPlugBase.h" />
    <ClInclude Include="..\..\SDKs\WDL\IPlug\IPlugOSDetect.h" />
    <ClInclude Include="..\..\SDKs\WDL\IPlug\IPlugRTAS.h" />
    <ClInclude Include="..\..\SDKs\WDL\IPlug\IPlugStructs.h" />
    <ClInclude Include="..\..\SDKs\WDL\IPlug\IPopupMenu.h" />
    <ClInclude Include="..\..\SDKs\WDL\IPlug\Log.h" />
    <ClInclude Include="..\..\SDKs\WDL\IPlug\RTAS\EditorInterface.h" />
    <ClInclude Include="..\..\SDKs\WDL\IPlug\RTAS\IPlugCustomUI.h" />
    <ClInclude Include="..\..\SDKs\WDL\IPlug\RTAS\IPlugDigiView.h" />
    <ClInclude Include="..\..\SDKs\WDL\IPlug\RTAS\IPlugGroup.h" />
    <ClInclude Include="..\..\SDKs\WDL\IPlug\RTAS\IPlugProcess.h" />
    <ClInclude Include="..\..\SDKs\WDL\IPlug\RTAS\IPlugProcessAS.h" />
    <ClInclude Include="..\..\SDKs\WDL\IPlug\RTAS\IPlugProcessRTAS.h" />
    <ClInclude Include="..\..\SDKs\WDL\IPlug\RTAS\ProcessInterface.h" />
    <ClInclude Include="..\..\SDKs\WDL\IPlug\RTAS\digicode.h" />
    <ClInclude Include="ITempoDisplay.h" />
  </ItemGroup>
  <ItemGroup>
    <ClCompile Include="OhmBass.cpp" />
    <ClCompile Include="MIDIReceiver.cpp" />
    <ClCompile Include="Oscillator.cpp" />
    <ClCompile Include="EnvelopeGenerator.cpp" />
    <ClCompile Include="Filter.cpp" />
    <ClCompile Include="Voice.cpp" />
    <ClCompile Include="VoiceManager.cpp" />
    <ClCompile Include="PolyBLEPOscillator.cpp" />
    <ClCompile Include="..\..\SDKs\WDL\IPlug\Hosts.cpp" />
    <ClCompile Include="..\..\SDKs\WDL\IPlug\IBitmapMonoText.cpp" />
    <ClCompile Include="..\..\SDKs\WDL\IPlug\IControl.cpp" />
    <ClCompile Include="..\..\SDKs\WDL\IPlug\IGraphics.cpp" />
    <ClCompile Include="..\..\SDKs\WDL\IPlug\IGraphicsWin.cpp" />
    <ClCompile Include="..\..\SDKs\WDL\IPlug\IParam.cpp" />
    <ClCompile Include="..\..\SDKs\WDL\IPlug\IPlugBase.cpp" />
    <ClCompile Include="..\..\SDKs\WDL\IPlug\IPlugRTAS.cpp" />
    <ClCompile Include="..\..\SDKs\WDL\IPlug\IPlugStructs.cpp" />
    <ClCompile Include="..\..\SDKs\WDL\IPlug\IPopupMenu.cpp" />
    <ClCompile Include="..\..\SDKs\WDL\IPlug\Log.cpp" />
    <ClCompile Include="..\..\SDKs\WDL\IPlug\RTAS\IPlugCustomUI.cpp" />
    <ClCompile Include="..\..\SDKs\WDL\IPlug\RTAS\IPlugGroup.cpp" />
    <ClCompile Include="..\..\SDKs\WDL\IPlug\RTAS\IPlugProcess.cpp" />
    <ClCompile Include="..\..\SDKs\WDL\IPlug\RTAS\IPlugProcessAS.cpp" />
    <ClCompile Include="..\..\SDKs\WDL\IPlug\RTAS\IPlugProcessRTAS.cpp" />
    <ClCompile Include="..\..\SDKs\WDL\IPlug\RTAS\digicode1.cpp" />
    <ClCompile Include="..\..\SDKs\WDL\IPlug\RTAS\digicode2.cpp" />
    <ClCompile Include="..\..\SDKs\WDL\IPlug\RTAS\digicode3.cpp" />
    <ClCompile Include="controlsManager.cpp" />
    <ClCompile Include="graphicsManager.cpp" />
    <ClCompile Include="GhrrEQuilibrium.cpp" />
    <ClCompile Include="GhrrManager.cpp" />
  </ItemGroup>
  <ItemGroup>
    <None Include="OhmBass-rtas.def" />
  </ItemGroup>
  <ItemGroup>
    <ResourceCompile Include="OhmBass.rc" />
  </ItemGroup>
</Project>